
Microsoft Visual Studio Solution File, Format Version 12.00
# Visual Studio 15
VisualStudioVersion = 15.0.28010.2041
MinimumVisualStudioVersion = 10.0.40219.1
Project("{FAE04EC0-301F-11D3-BF4B-00C04F79EFBC}") = "Test1", "Test1\Test1.csproj", "{98A5D247-FDCF-457D-B562-4E7759286E48}"
EndProject
Project("{9A19103F-16F7-4668-BE54-9A1E7A4F7556}") = "Module1", "..\Module1\Module1\Module1.csproj", "{30748D6C-1441-470C-8991-8D23A16EFDB6}"
EndProject
Project("{9A19103F-16F7-4668-BE54-9A1E7A4F7556}") = "Module2", "..\Module2\Module2\Module2.csproj", "{A586823C-6427-4022-93A0-E1A5D13F8071}"
EndProject
Project("{FAE04EC0-301F-11D3-BF4B-00C04F79EFBC}") = "Test2", "..\Test2\Test2.csproj", "{BC241CC0-3CD2-4668-B3E3-FC1102EA1562}"
EndProject
Global
	GlobalSection(SolutionConfigurationPlatforms) = preSolution
		Debug|Any CPU = Debug|Any CPU
		Release|Any CPU = Release|Any CPU
	EndGlobalSection
	GlobalSection(ProjectConfigurationPlatforms) = postSolution
		{98A5D247-FDCF-457D-B562-4E7759286E48}.Debug|Any CPU.ActiveCfg = Debug|Any CPU
		{98A5D247-FDCF-457D-B562-4E7759286E48}.Debug|Any CPU.Build.0 = Debug|Any CPU
		{98A5D247-FDCF-457D-B562-4E7759286E48}.Release|Any CPU.ActiveCfg = Release|Any CPU
		{98A5D247-FDCF-457D-B562-4E7759286E48}.Release|Any CPU.Build.0 = Release|Any CPU
		{30748D6C-1441-470C-8991-8D23A16EFDB6}.Debug|Any CPU.ActiveCfg = Debug|Any CPU
		{30748D6C-1441-470C-8991-8D23A16EFDB6}.Debug|Any CPU.Build.0 = Debug|Any CPU
		{30748D6C-1441-470C-8991-8D23A16EFDB6}.Release|Any CPU.ActiveCfg = Release|Any CPU
		{30748D6C-1441-470C-8991-8D23A16EFDB6}.Release|Any CPU.Build.0 = Release|Any CPU
		{A586823C-6427-4022-93A0-E1A5D13F8071}.Debug|Any CPU.ActiveCfg = Debug|Any CPU
		{A586823C-6427-4022-93A0-E1A5D13F8071}.Debug|Any CPU.Build.0 = Debug|Any CPU
		{A586823C-6427-4022-93A0-E1A5D13F8071}.Release|Any CPU.ActiveCfg = Release|Any CPU
		{A586823C-6427-4022-93A0-E1A5D13F8071}.Release|Any CPU.Build.0 = Release|Any CPU
		{BC241CC0-3CD2-4668-B3E3-FC1102EA1562}.Debug|Any CPU.ActiveCfg = Debug|Any CPU
		{BC241CC0-3CD2-4668-B3E3-FC1102EA1562}.Debug|Any CPU.Build.0 = Debug|Any CPU
		{BC241CC0-3CD2-4668-B3E3-FC1102EA1562}.Release|Any CPU.ActiveCfg = Release|Any CPU
		{BC241CC0-3CD2-4668-B3E3-FC1102EA1562}.Release|Any CPU.Build.0 = Release|Any CPU
	EndGlobalSection
	GlobalSection(SolutionProperties) = preSolution
		HideSolutionNode = FALSE
	EndGlobalSection
	GlobalSection(ExtensibilityGlobals) = postSolution
		SolutionGuid = {AD58AB46-7819-487A-AC54-8D45758FFB6E}
	EndGlobalSection
EndGlobal
